
Microsoft Visual Studio Solution File, Format Version 12.00
# Visual Studio Version 17
VisualStudioVersion = 17.7.34202.233
MinimumVisualStudioVersion = 10.0.40219.1
Project("{FAE04EC0-301F-11D3-BF4B-00C04F79EFBC}") = "API app", "API app.csproj", "{A537A5E0-1E60-4113-B2ED-27DAEC2E4611}"
EndProject
Global
	GlobalSection(SolutionConfigurationPlatforms) = preSolution
		Debug|Any CPU = Debug|Any CPU
		Release|Any CPU = Release|Any CPU
	EndGlobalSection
	GlobalSection(ProjectConfigurationPlatforms) = postSolution
		{A537A5E0-1E60-4113-B2ED-27DAEC2E4611}.Debug|Any CPU.ActiveCfg = Debug|Any CPU
		{A537A5E0-1E60-4113-B2ED-27DAEC2E4611}.Debug|Any CPU.Build.0 = Debug|Any CPU
		{A537A5E0-1E60-4113-B2ED-27DAEC2E4611}.Release|Any CPU.ActiveCfg = Release|Any CPU
		{A537A5E0-1E60-4113-B2ED-27DAEC2E4611}.Release|Any CPU.Build.0 = Release|Any CPU
	EndGlobalSection
	GlobalSection(SolutionProperties) = preSolution
		HideSolutionNode = FALSE
	EndGlobalSection
	GlobalSection(ExtensibilityGlobals) = postSolution
		SolutionGuid = {BA6BED50-1E8E-4AC7-B460-B9C39E0FA050}
	EndGlobalSection
EndGlobal
